
Microsoft Visual Studio Solution File, Format Version 11.00
# Visual Studio 2010
Project("{FAE04EC0-301F-11D3-BF4B-00C04F79EFBC}") = "ModbusTest", "ModbusTest.csproj", "{ADB0D3ED-F842-4BF6-B887-68576BC692B8}"
EndProject
Global
	GlobalSection(TeamFoundationVersionControl) = preSolution
		SccNumberOfProjects = 1
		SccEnterpriseProvider = {4CA58AB2-18FA-4F8D-95D4-32DDF27D184C}
		SccTeamFoundationServer = http://hp380:8080/tfs/inspec
		SccProjectUniqueName0 = ModbusTest.csproj
		SccProjectName0 = .
		SccAuxPath0 = http://hp380:8080/tfs/inspec
		SccLocalPath0 = .
		SccProvider0 = {4CA58AB2-18FA-4F8D-95D4-32DDF27D184C}
	EndGlobalSection
	GlobalSection(SolutionConfigurationPlatforms) = preSolution
		Debug|Any CPU = Debug|Any CPU
		Release|Any CPU = Release|Any CPU
	EndGlobalSection
	GlobalSection(ProjectConfigurationPlatforms) = postSolution
		{ADB0D3ED-F842-4BF6-B887-68576BC692B8}.Debug|Any CPU.ActiveCfg = Debug|Any CPU
		{ADB0D3ED-F842-4BF6-B887-68576BC692B8}.Debug|Any CPU.Build.0 = Debug|Any CPU
		{ADB0D3ED-F842-4BF6-B887-68576BC692B8}.Release|Any CPU.ActiveCfg = Release|Any CPU
		{ADB0D3ED-F842-4BF6-B887-68576BC692B8}.Release|Any CPU.Build.0 = Release|Any CPU
	EndGlobalSection
	GlobalSection(SolutionProperties) = preSolution
		HideSolutionNode = FALSE
	EndGlobalSection
EndGlobal
